# This file is automatically @generated by Cargo.
# It is not intended for manual editing.
[[package]]
name = "armchair"
version = "0.1.0"
dependencies = [
 "elfy 0.2.2 (registry+https://github.com/rust-lang/crates.io-index)",
]

[[package]]
name = "elfy"
version = "0.2.2"
source = "registry+https://github.com/rust-lang/crates.io-index"

[metadata]
"checksum elfy 0.2.2 (registry+https://github.com/rust-lang/crates.io-index)" = "2ca72135a89639b3a9ed76f516d313052180a318cc266d108f85201fe3ee436d"
