# This file is automatically @generated by Cargo.
# It is not intended for manual editing.
[[package]]
name = "armchair"
version = "0.1.0"
dependencies = [
 "elfy 0.2.1 (registry+https://github.com/rust-lang/crates.io-index)",
]

[[package]]
name = "elfy"
version = "0.2.1"
source = "registry+https://github.com/rust-lang/crates.io-index"

[metadata]
"checksum elfy 0.2.1 (registry+https://github.com/rust-lang/crates.io-index)" = "c96445eeca5ba8f02b688a60a97a3e21ed8007d7d0022f6b3ace136d11d311fe"
