# This file is automatically @generated by Cargo.
# It is not intended for manual editing.
[[package]]
name = "armv7m-vm"
version = "0.1.0"
dependencies = [
 "elfy 0.1.8 (registry+https://github.com/rust-lang/crates.io-index)",
]

[[package]]
name = "elfy"
version = "0.1.8"
source = "registry+https://github.com/rust-lang/crates.io-index"

[metadata]
"checksum elfy 0.1.8 (registry+https://github.com/rust-lang/crates.io-index)" = "3caf215b89a0669ddf088cc0da948e95dd6d80b82e551601682c6287a1cf86a3"
